// !$*UTF8*$!
{
	archiveVersion = 1;
	classes = {
	};
	objectVersion = 46;
	objects = {

/* Begin PBXBuildFile section */
		B200D8B81EE57C2500C47DF6 /* HBTableViewController.m in Sources */ = {isa = PBXBuildFile; fileRef = B200D8B71EE57C2500C47DF6 /* HBTableViewController.m */; };
		B200D8BB1EE57CEB00C47DF6 /* HBTableViewDataSource.m in Sources */ = {isa = PBXBuildFile; fileRef = B200D8BA1EE57CEB00C47DF6 /* HBTableViewDataSource.m */; };
		B200D8C41EE57E9A00C47DF6 /* HBModel.m in Sources */ = {isa = PBXBuildFile; fileRef = B200D8C11EE57E9A00C47DF6 /* HBModel.m */; };
		B200D8C51EE57E9A00C47DF6 /* HBModelViewController.m in Sources */ = {isa = PBXBuildFile; fileRef = B200D8C31EE57E9A00C47DF6 /* HBModelViewController.m */; };
		B200D8C81EE57EC500C47DF6 /* HBLayout.m in Sources */ = {isa = PBXBuildFile; fileRef = B200D8C71EE57EC500C47DF6 /* HBLayout.m */; };
		B200D8E41EE6DE9400C47DF6 /* HBTableViewCell.m in Sources */ = {isa = PBXBuildFile; fileRef = B200D8E31EE6DE9400C47DF6 /* HBTableViewCell.m */; };
		B200D9271EE8E96A00C47DF6 /* UINavigationController+FDFullscreenPopGesture.m in Sources */ = {isa = PBXBuildFile; fileRef = B200D8F71EE8E96A00C47DF6 /* UINavigationController+FDFullscreenPopGesture.m */; };
		B200D9281EE8E96A00C47DF6 /* MJRefreshAutoFooter.m in Sources */ = {isa = PBXBuildFile; fileRef = B200D8FB1EE8E96A00C47DF6 /* MJRefreshAutoFooter.m */; };
		B200D9291EE8E96A00C47DF6 /* MJRefreshBackFooter.m in Sources */ = {isa = PBXBuildFile; fileRef = B200D8FD1EE8E96A00C47DF6 /* MJRefreshBackFooter.m */; };
		B200D92A1EE8E96A00C47DF6 /* MJRefreshComponent.m in Sources */ = {isa = PBXBuildFile; fileRef = B200D8FF1EE8E96A00C47DF6 /* MJRefreshComponent.m */; };
		B200D92B1EE8E96A00C47DF6 /* MJRefreshFooter.m in Sources */ = {isa = PBXBuildFile; fileRef = B200D9011EE8E96A00C47DF6 /* MJRefreshFooter.m */; };
		B200D92C1EE8E96A00C47DF6 /* MJRefreshHeader.m in Sources */ = {isa = PBXBuildFile; fileRef = B200D9031EE8E96A00C47DF6 /* MJRefreshHeader.m */; };
		B200D92D1EE8E96A00C47DF6 /* MJRefreshAutoGifFooter.m in Sources */ = {isa = PBXBuildFile; fileRef = B200D9081EE8E96A00C47DF6 /* MJRefreshAutoGifFooter.m */; };
		B200D92E1EE8E96A00C47DF6 /* MJRefreshAutoNormalFooter.m in Sources */ = {isa = PBXBuildFile; fileRef = B200D90A1EE8E96A00C47DF6 /* MJRefreshAutoNormalFooter.m */; };
		B200D92F1EE8E96A00C47DF6 /* MJRefreshAutoStateFooter.m in Sources */ = {isa = PBXBuildFile; fileRef = B200D90C1EE8E96A00C47DF6 /* MJRefreshAutoStateFooter.m */; };
		B200D9301EE8E96A00C47DF6 /* MJRefreshBackGifFooter.m in Sources */ = {isa = PBXBuildFile; fileRef = B200D90F1EE8E96A00C47DF6 /* MJRefreshBackGifFooter.m */; };
		B200D9311EE8E96A00C47DF6 /* MJRefreshBackNormalFooter.m in Sources */ = {isa = PBXBuildFile; fileRef = B200D9111EE8E96A00C47DF6 /* MJRefreshBackNormalFooter.m */; };
		B200D9321EE8E96A00C47DF6 /* MJRefreshBackStateFooter.m in Sources */ = {isa = PBXBuildFile; fileRef = B200D9131EE8E96A00C47DF6 /* MJRefreshBackStateFooter.m */; };
		B200D9331EE8E96A00C47DF6 /* MJRefreshGifHeader.m in Sources */ = {isa = PBXBuildFile; fileRef = B200D9161EE8E96A00C47DF6 /* MJRefreshGifHeader.m */; };
		B200D9341EE8E96A00C47DF6 /* MJRefreshNormalHeader.m in Sources */ = {isa = PBXBuildFile; fileRef = B200D9181EE8E96A00C47DF6 /* MJRefreshNormalHeader.m */; };
		B200D9351EE8E96A00C47DF6 /* MJRefreshStateHeader.m in Sources */ = {isa = PBXBuildFile; fileRef = B200D91A1EE8E96A00C47DF6 /* MJRefreshStateHeader.m */; };
		B200D9361EE8E96A00C47DF6 /* MJRefresh.bundle in Resources */ = {isa = PBXBuildFile; fileRef = B200D91B1EE8E96A00C47DF6 /* MJRefresh.bundle */; };
		B200D9371EE8E96A00C47DF6 /* MJRefreshConst.m in Sources */ = {isa = PBXBuildFile; fileRef = B200D91E1EE8E96A00C47DF6 /* MJRefreshConst.m */; };
		B200D9381EE8E96A00C47DF6 /* NSBundle+MJRefresh.m in Sources */ = {isa = PBXBuildFile; fileRef = B200D9201EE8E96A00C47DF6 /* NSBundle+MJRefresh.m */; };
		B200D9391EE8E96A00C47DF6 /* UIScrollView+MJExtension.m in Sources */ = {isa = PBXBuildFile; fileRef = B200D9221EE8E96A00C47DF6 /* UIScrollView+MJExtension.m */; };
		B200D93A1EE8E96A00C47DF6 /* UIScrollView+MJRefresh.m in Sources */ = {isa = PBXBuildFile; fileRef = B200D9241EE8E96A00C47DF6 /* UIScrollView+MJRefresh.m */; };
		B200D93B1EE8E96A00C47DF6 /* UIView+MJExtension.m in Sources */ = {isa = PBXBuildFile; fileRef = B200D9261EE8E96A00C47DF6 /* UIView+MJExtension.m */; };
		B227639A1EE15F2100BF69B7 /* main.m in Sources */ = {isa = PBXBuildFile; fileRef = B22763991EE15F2100BF69B7 /* main.m */; };
		B227639D1EE15F2100BF69B7 /* AppDelegate.m in Sources */ = {isa = PBXBuildFile; fileRef = B227639C1EE15F2100BF69B7 /* AppDelegate.m */; };
		B22763A01EE15F2100BF69B7 /* ViewController.m in Sources */ = {isa = PBXBuildFile; fileRef = B227639F1EE15F2100BF69B7 /* ViewController.m */; };
		B22763A31EE15F2100BF69B7 /* Main.storyboard in Resources */ = {isa = PBXBuildFile; fileRef = B22763A11EE15F2100BF69B7 /* Main.storyboard */; };
		B22763A51EE15F2100BF69B7 /* Assets.xcassets in Resources */ = {isa = PBXBuildFile; fileRef = B22763A41EE15F2100BF69B7 /* Assets.xcassets */; };
		B22763A81EE15F2100BF69B7 /* LaunchScreen.storyboard in Resources */ = {isa = PBXBuildFile; fileRef = B22763A61EE15F2100BF69B7 /* LaunchScreen.storyboard */; };
		B22763B31EE15F2100BF69B7 /* ControllerKitDemoTests.m in Sources */ = {isa = PBXBuildFile; fileRef = B22763B21EE15F2100BF69B7 /* ControllerKitDemoTests.m */; };
		B22763BE1EE15F2100BF69B7 /* ControllerKitDemoUITests.m in Sources */ = {isa = PBXBuildFile; fileRef = B22763BD1EE15F2100BF69B7 /* ControllerKitDemoUITests.m */; };
		B22763CE1EE1606A00BF69B7 /* HBViewController.m in Sources */ = {isa = PBXBuildFile; fileRef = B22763CD1EE1606A00BF69B7 /* HBViewController.m */; };
		B22763D61EE1643C00BF69B7 /* UIView+Extension.m in Sources */ = {isa = PBXBuildFile; fileRef = B22763D21EE1643C00BF69B7 /* UIView+Extension.m */; };
/* End PBXBuildFile section */

/* Begin PBXContainerItemProxy section */
		B22763AF1EE15F2100BF69B7 /* PBXContainerItemProxy */ = {
			isa = PBXContainerItemProxy;
			containerPortal = B227638D1EE15F2100BF69B7 /* Project object */;
			proxyType = 1;
			remoteGlobalIDString = B22763941EE15F2100BF69B7;
			remoteInfo = ControllerKitDemo;
		};
		B22763BA1EE15F2100BF69B7 /* PBXContainerItemProxy */ = {
			isa = PBXContainerItemProxy;
			containerPortal = B227638D1EE15F2100BF69B7 /* Project object */;
			proxyType = 1;
			remoteGlobalIDString = B22763941EE15F2100BF69B7;
			remoteInfo = ControllerKitDemo;
		};
/* End PBXContainerItemProxy section */

/* Begin PBXFileReference section */
		B200D8B61EE57C2500C47DF6 /* HBTableViewController.h */ = {isa = PBXFileReference; fileEncoding = 4; lastKnownFileType = sourcecode.c.h; path = HBTableViewController.h; sourceTree = "<group>"; };
		B200D8B71EE57C2500C47DF6 /* HBTableViewController.m */ = {isa = PBXFileReference; fileEncoding = 4; lastKnownFileType = sourcecode.c.objc; path = HBTableViewController.m; sourceTree = "<group>"; };
		B200D8B91EE57CEB00C47DF6 /* HBTableViewDataSource.h */ = {isa = PBXFileReference; fileEncoding = 4; lastKnownFileType = sourcecode.c.h; path = HBTableViewDataSource.h; sourceTree = "<group>"; };
		B200D8BA1EE57CEB00C47DF6 /* HBTableViewDataSource.m */ = {isa = PBXFileReference; fileEncoding = 4; lastKnownFileType = sourcecode.c.objc; path = HBTableViewDataSource.m; sourceTree = "<group>"; };
		B200D8C01EE57E9A00C47DF6 /* HBModel.h */ = {isa = PBXFileReference; fileEncoding = 4; lastKnownFileType = sourcecode.c.h; path = HBModel.h; sourceTree = "<group>"; };
		B200D8C11EE57E9A00C47DF6 /* HBModel.m */ = {isa = PBXFileReference; fileEncoding = 4; lastKnownFileType = sourcecode.c.objc; path = HBModel.m; sourceTree = "<group>"; };
		B200D8C21EE57E9A00C47DF6 /* HBModelViewController.h */ = {isa = PBXFileReference; fileEncoding = 4; lastKnownFileType = sourcecode.c.h; path = HBModelViewController.h; sourceTree = "<group>"; };
		B200D8C31EE57E9A00C47DF6 /* HBModelViewController.m */ = {isa = PBXFileReference; fileEncoding = 4; lastKnownFileType = sourcecode.c.objc; path = HBModelViewController.m; sourceTree = "<group>"; };
		B200D8C61EE57EC500C47DF6 /* HBLayout.h */ = {isa = PBXFileReference; fileEncoding = 4; lastKnownFileType = sourcecode.c.h; path = HBLayout.h; sourceTree = "<group>"; };
		B200D8C71EE57EC500C47DF6 /* HBLayout.m */ = {isa = PBXFileReference; fileEncoding = 4; lastKnownFileType = sourcecode.c.objc; path = HBLayout.m; sourceTree = "<group>"; };
		B200D8E21EE6DE9400C47DF6 /* HBTableViewCell.h */ = {isa = PBXFileReference; fileEncoding = 4; lastKnownFileType = sourcecode.c.h; path = HBTableViewCell.h; sourceTree = "<group>"; };
		B200D8E31EE6DE9400C47DF6 /* HBTableViewCell.m */ = {isa = PBXFileReference; fileEncoding = 4; lastKnownFileType = sourcecode.c.objc; path = HBTableViewCell.m; sourceTree = "<group>"; };
		B200D8F61EE8E96A00C47DF6 /* UINavigationController+FDFullscreenPopGesture.h */ = {isa = PBXFileReference; fileEncoding = 4; lastKnownFileType = sourcecode.c.h; path = "UINavigationController+FDFullscreenPopGesture.h"; sourceTree = "<group>"; };
		B200D8F71EE8E96A00C47DF6 /* UINavigationController+FDFullscreenPopGesture.m */ = {isa = PBXFileReference; fileEncoding = 4; lastKnownFileType = sourcecode.c.objc; path = "UINavigationController+FDFullscreenPopGesture.m"; sourceTree = "<group>"; };
		B200D8FA1EE8E96A00C47DF6 /* MJRefreshAutoFooter.h */ = {isa = PBXFileReference; fileEncoding = 4; lastKnownFileType = sourcecode.c.h; path = MJRefreshAutoFooter.h; sourceTree = "<group>"; };
		B200D8FB1EE8E96A00C47DF6 /* MJRefreshAutoFooter.m */ = {isa = PBXFileReference; fileEncoding = 4; lastKnownFileType = sourcecode.c.objc; path = MJRefreshAutoFooter.m; sourceTree = "<group>"; };
		B200D8FC1EE8E96A00C47DF6 /* MJRefreshBackFooter.h */ = {isa = PBXFileReference; fileEncoding = 4; lastKnownFileType = sourcecode.c.h; path = MJRefreshBackFooter.h; sourceTree = "<group>"; };
		B200D8FD1EE8E96A00C47DF6 /* MJRefreshBackFooter.m */ = {isa = PBXFileReference; fileEncoding = 4; lastKnownFileType = sourcecode.c.objc; path = MJRefreshBackFooter.m; sourceTree = "<group>"; };
		B200D8FE1EE8E96A00C47DF6 /* MJRefreshComponent.h */ = {isa = PBXFileReference; fileEncoding = 4; lastKnownFileType = sourcecode.c.h; path = MJRefreshComponent.h; sourceTree = "<group>"; };
		B200D8FF1EE8E96A00C47DF6 /* MJRefreshComponent.m */ = {isa = PBXFileReference; fileEncoding = 4; lastKnownFileType = sourcecode.c.objc; path = MJRefreshComponent.m; sourceTree = "<group>"; };
		B200D9001EE8E96A00C47DF6 /* MJRefreshFooter.h */ = {isa = PBXFileReference; fileEncoding = 4; lastKnownFileType = sourcecode.c.h; path = MJRefreshFooter.h; sourceTree = "<group>"; };
		B200D9011EE8E96A00C47DF6 /* MJRefreshFooter.m */ = {isa = PBXFileReference; fileEncoding = 4; lastKnownFileType = sourcecode.c.objc; path = MJRefreshFooter.m; sourceTree = "<group>"; };
		B200D9021EE8E96A00C47DF6 /* MJRefreshHeader.h */ = {isa = PBXFileReference; fileEncoding = 4; lastKnownFileType = sourcecode.c.h; path = MJRefreshHeader.h; sourceTree = "<group>"; };
		B200D9031EE8E96A00C47DF6 /* MJRefreshHeader.m */ = {isa = PBXFileReference; fileEncoding = 4; lastKnownFileType = sourcecode.c.objc; path = MJRefreshHeader.m; sourceTree = "<group>"; };
		B200D9071EE8E96A00C47DF6 /* MJRefreshAutoGifFooter.h */ = {isa = PBXFileReference; fileEncoding = 4; lastKnownFileType = sourcecode.c.h; path = MJRefreshAutoGifFooter.h; sourceTree = "<group>"; };
		B200D9081EE8E96A00C47DF6 /* MJRefreshAutoGifFooter.m */ = {isa = PBXFileReference; fileEncoding = 4; lastKnownFileType = sourcecode.c.objc; path = MJRefreshAutoGifFooter.m; sourceTree = "<group>"; };
		B200D9091EE8E96A00C47DF6 /* MJRefreshAutoNormalFooter.h */ = {isa = PBXFileReference; fileEncoding = 4; lastKnownFileType = sourcecode.c.h; path = MJRefreshAutoNormalFooter.h; sourceTree = "<group>"; };
		B200D90A1EE8E96A00C47DF6 /* MJRefreshAutoNormalFooter.m */ = {isa = PBXFileReference; fileEncoding = 4; lastKnownFileType = sourcecode.c.objc; path = MJRefreshAutoNormalFooter.m; sourceTree = "<group>"; };
		B200D90B1EE8E96A00C47DF6 /* MJRefreshAutoStateFooter.h */ = {isa = PBXFileReference; fileEncoding = 4; lastKnownFileType = sourcecode.c.h; path = MJRefreshAutoStateFooter.h; sourceTree = "<group>"; };
		B200D90C1EE8E96A00C47DF6 /* MJRefreshAutoStateFooter.m */ = {isa = PBXFileReference; fileEncoding = 4; lastKnownFileType = sourcecode.c.objc; path = MJRefreshAutoStateFooter.m; sourceTree = "<group>"; };
		B200D90E1EE8E96A00C47DF6 /* MJRefreshBackGifFooter.h */ = {isa = PBXFileReference; fileEncoding = 4; lastKnownFileType = sourcecode.c.h; path = MJRefreshBackGifFooter.h; sourceTree = "<group>"; };
		B200D90F1EE8E96A00C47DF6 /* MJRefreshBackGifFooter.m */ = {isa = PBXFileReference; fileEncoding = 4; lastKnownFileType = sourcecode.c.objc; path = MJRefreshBackGifFooter.m; sourceTree = "<group>"; };
		B200D9101EE8E96A00C47DF6 /* MJRefreshBackNormalFooter.h */ = {isa = PBXFileReference; fileEncoding = 4; lastKnownFileType = sourcecode.c.h; path = MJRefreshBackNormalFooter.h; sourceTree = "<group>"; };
		B200D9111EE8E96A00C47DF6 /* MJRefreshBackNormalFooter.m */ = {isa = PBXFileReference; fileEncoding = 4; lastKnownFileType = sourcecode.c.objc; path = MJRefreshBackNormalFooter.m; sourceTree = "<group>"; };
		B200D9121EE8E96A00C47DF6 /* MJRefreshBackStateFooter.h */ = {isa = PBXFileReference; fileEncoding = 4; lastKnownFileType = sourcecode.c.h; path = MJRefreshBackStateFooter.h; sourceTree = "<group>"; };
		B200D9131EE8E96A00C47DF6 /* MJRefreshBackStateFooter.m */ = {isa = PBXFileReference; fileEncoding = 4; lastKnownFileType = sourcecode.c.objc; path = MJRefreshBackStateFooter.m; sourceTree = "<group>"; };
		B200D9151EE8E96A00C47DF6 /* MJRefreshGifHeader.h */ = {isa = PBXFileReference; fileEncoding = 4; lastKnownFileType = sourcecode.c.h; path = MJRefreshGifHeader.h; sourceTree = "<group>"; };
		B200D9161EE8E96A00C47DF6 /* MJRefreshGifHeader.m */ = {isa = PBXFileReference; fileEncoding = 4; lastKnownFileType = sourcecode.c.objc; path = MJRefreshGifHeader.m; sourceTree = "<group>"; };
		B200D9171EE8E96A00C47DF6 /* MJRefreshNormalHeader.h */ = {isa = PBXFileReference; fileEncoding = 4; lastKnownFileType = sourcecode.c.h; path = MJRefreshNormalHeader.h; sourceTree = "<group>"; };
		B200D9181EE8E96A00C47DF6 /* MJRefreshNormalHeader.m */ = {isa = PBXFileReference; fileEncoding = 4; lastKnownFileType = sourcecode.c.objc; path = MJRefreshNormalHeader.m; sourceTree = "<group>"; };
		B200D9191EE8E96A00C47DF6 /* MJRefreshStateHeader.h */ = {isa = PBXFileReference; fileEncoding = 4; lastKnownFileType = sourcecode.c.h; path = MJRefreshStateHeader.h; sourceTree = "<group>"; };
		B200D91A1EE8E96A00C47DF6 /* MJRefreshStateHeader.m */ = {isa = PBXFileReference; fileEncoding = 4; lastKnownFileType = sourcecode.c.objc; path = MJRefreshStateHeader.m; sourceTree = "<group>"; };
		B200D91B1EE8E96A00C47DF6 /* MJRefresh.bundle */ = {isa = PBXFileReference; lastKnownFileType = "wrapper.plug-in"; path = MJRefresh.bundle; sourceTree = "<group>"; };
		B200D91C1EE8E96A00C47DF6 /* MJRefresh.h */ = {isa = PBXFileReference; fileEncoding = 4; lastKnownFileType = sourcecode.c.h; path = MJRefresh.h; sourceTree = "<group>"; };
		B200D91D1EE8E96A00C47DF6 /* MJRefreshConst.h */ = {isa = PBXFileReference; fileEncoding = 4; lastKnownFileType = sourcecode.c.h; path = MJRefreshConst.h; sourceTree = "<group>"; };
		B200D91E1EE8E96A00C47DF6 /* MJRefreshConst.m */ = {isa = PBXFileReference; fileEncoding = 4; lastKnownFileType = sourcecode.c.objc; path = MJRefreshConst.m; sourceTree = "<group>"; };
		B200D91F1EE8E96A00C47DF6 /* NSBundle+MJRefresh.h */ = {isa = PBXFileReference; fileEncoding = 4; lastKnownFileType = sourcecode.c.h; path = "NSBundle+MJRefresh.h"; sourceTree = "<group>"; };
		B200D9201EE8E96A00C47DF6 /* NSBundle+MJRefresh.m */ = {isa = PBXFileReference; fileEncoding = 4; lastKnownFileType = sourcecode.c.objc; path = "NSBundle+MJRefresh.m"; sourceTree = "<group>"; };
		B200D9211EE8E96A00C47DF6 /* UIScrollView+MJExtension.h */ = {isa = PBXFileReference; fileEncoding = 4; lastKnownFileType = sourcecode.c.h; path = "UIScrollView+MJExtension.h"; sourceTree = "<group>"; };
		B200D9221EE8E96A00C47DF6 /* UIScrollView+MJExtension.m */ = {isa = PBXFileReference; fileEncoding = 4; lastKnownFileType = sourcecode.c.objc; path = "UIScrollView+MJExtension.m"; sourceTree = "<group>"; };
		B200D9231EE8E96A00C47DF6 /* UIScrollView+MJRefresh.h */ = {isa = PBXFileReference; fileEncoding = 4; lastKnownFileType = sourcecode.c.h; path = "UIScrollView+MJRefresh.h"; sourceTree = "<group>"; };
		B200D9241EE8E96A00C47DF6 /* UIScrollView+MJRefresh.m */ = {isa = PBXFileReference; fileEncoding = 4; lastKnownFileType = sourcecode.c.objc; path = "UIScrollView+MJRefresh.m"; sourceTree = "<group>"; };
		B200D9251EE8E96A00C47DF6 /* UIView+MJExtension.h */ = {isa = PBXFileReference; fileEncoding = 4; lastKnownFileType = sourcecode.c.h; path = "UIView+MJExtension.h"; sourceTree = "<group>"; };
		B200D9261EE8E96A00C47DF6 /* UIView+MJExtension.m */ = {isa = PBXFileReference; fileEncoding = 4; lastKnownFileType = sourcecode.c.objc; path = "UIView+MJExtension.m"; sourceTree = "<group>"; };
		B22763951EE15F2100BF69B7 /* ControllerKitDemo.app */ = {isa = PBXFileReference; explicitFileType = wrapper.application; includeInIndex = 0; path = ControllerKitDemo.app; sourceTree = BUILT_PRODUCTS_DIR; };
		B22763991EE15F2100BF69B7 /* main.m */ = {isa = PBXFileReference; lastKnownFileType = sourcecode.c.objc; path = main.m; sourceTree = "<group>"; };
		B227639B1EE15F2100BF69B7 /* AppDelegate.h */ = {isa = PBXFileReference; lastKnownFileType = sourcecode.c.h; path = AppDelegate.h; sourceTree = "<group>"; };
		B227639C1EE15F2100BF69B7 /* AppDelegate.m */ = {isa = PBXFileReference; lastKnownFileType = sourcecode.c.objc; path = AppDelegate.m; sourceTree = "<group>"; };
		B227639E1EE15F2100BF69B7 /* ViewController.h */ = {isa = PBXFileReference; lastKnownFileType = sourcecode.c.h; path = ViewController.h; sourceTree = "<group>"; };
		B227639F1EE15F2100BF69B7 /* ViewController.m */ = {isa = PBXFileReference; lastKnownFileType = sourcecode.c.objc; path = ViewController.m; sourceTree = "<group>"; };
		B22763A21EE15F2100BF69B7 /* Base */ = {isa = PBXFileReference; lastKnownFileType = file.storyboard; name = Base; path = Base.lproj/Main.storyboard; sourceTree = "<group>"; };
		B22763A41EE15F2100BF69B7 /* Assets.xcassets */ = {isa = PBXFileReference; lastKnownFileType = folder.assetcatalog; path = Assets.xcassets; sourceTree = "<group>"; };
		B22763A71EE15F2100BF69B7 /* Base */ = {isa = PBXFileReference; lastKnownFileType = file.storyboard; name = Base; path = Base.lproj/LaunchScreen.storyboard; sourceTree = "<group>"; };
		B22763A91EE15F2100BF69B7 /* Info.plist */ = {isa = PBXFileReference; lastKnownFileType = text.plist.xml; path = Info.plist; sourceTree = "<group>"; };
		B22763AE1EE15F2100BF69B7 /* ControllerKitDemoTests.xctest */ = {isa = PBXFileReference; explicitFileType = wrapper.cfbundle; includeInIndex = 0; path = ControllerKitDemoTests.xctest; sourceTree = BUILT_PRODUCTS_DIR; };
		B22763B21EE15F2100BF69B7 /* ControllerKitDemoTests.m */ = {isa = PBXFileReference; lastKnownFileType = sourcecode.c.objc; path = ControllerKitDemoTests.m; sourceTree = "<group>"; };
		B22763B41EE15F2100BF69B7 /* Info.plist */ = {isa = PBXFileReference; lastKnownFileType = text.plist.xml; path = Info.plist; sourceTree = "<group>"; };
		B22763B91EE15F2100BF69B7 /* ControllerKitDemoUITests.xctest */ = {isa = PBXFileReference; explicitFileType = wrapper.cfbundle; includeInIndex = 0; path = ControllerKitDemoUITests.xctest; sourceTree = BUILT_PRODUCTS_DIR; };
		B22763BD1EE15F2100BF69B7 /* ControllerKitDemoUITests.m */ = {isa = PBXFileReference; lastKnownFileType = sourcecode.c.objc; path = ControllerKitDemoUITests.m; sourceTree = "<group>"; };
		B22763BF1EE15F2100BF69B7 /* Info.plist */ = {isa = PBXFileReference; lastKnownFileType = text.plist.xml; path = Info.plist; sourceTree = "<group>"; };
		B22763CC1EE1606A00BF69B7 /* HBViewController.h */ = {isa = PBXFileReference; fileEncoding = 4; lastKnownFileType = sourcecode.c.h; path = HBViewController.h; sourceTree = "<group>"; };
		B22763CD1EE1606A00BF69B7 /* HBViewController.m */ = {isa = PBXFileReference; fileEncoding = 4; lastKnownFileType = sourcecode.c.objc; path = HBViewController.m; sourceTree = "<group>"; };
		B22763D01EE1643C00BF69B7 /* Constant.h */ = {isa = PBXFileReference; fileEncoding = 4; lastKnownFileType = sourcecode.c.h; path = Constant.h; sourceTree = "<group>"; };
		B22763D11EE1643C00BF69B7 /* UIView+Extension.h */ = {isa = PBXFileReference; fileEncoding = 4; lastKnownFileType = sourcecode.c.h; path = "UIView+Extension.h"; sourceTree = "<group>"; };
		B22763D21EE1643C00BF69B7 /* UIView+Extension.m */ = {isa = PBXFileReference; fileEncoding = 4; lastKnownFileType = sourcecode.c.objc; path = "UIView+Extension.m"; sourceTree = "<group>"; };
		B22763D81EE1647F00BF69B7 /* PrefixHeader.pch */ = {isa = PBXFileReference; lastKnownFileType = sourcecode.c.h; path = PrefixHeader.pch; sourceTree = "<group>"; };
/* End PBXFileReference section */

/* Begin PBXFrameworksBuildPhase section */
		B22763921EE15F2100BF69B7 /* Frameworks */ = {
			isa = PBXFrameworksBuildPhase;
			buildActionMask = 2147483647;
			files = (
			);
			runOnlyForDeploymentPostprocessing = 0;
		};
		B22763AB1EE15F2100BF69B7 /* Frameworks */ = {
			isa = PBXFrameworksBuildPhase;
			buildActionMask = 2147483647;
			files = (
			);
			runOnlyForDeploymentPostprocessing = 0;
		};
		B22763B61EE15F2100BF69B7 /* Frameworks */ = {
			isa = PBXFrameworksBuildPhase;
			buildActionMask = 2147483647;
			files = (
			);
			runOnlyForDeploymentPostprocessing = 0;
		};
/* End PBXFrameworksBuildPhase section */

/* Begin PBXGroup section */
		B200D8B51EE57BEC00C47DF6 /* TableView */ = {
			isa = PBXGroup;
			children = (
				B200D8B61EE57C2500C47DF6 /* HBTableViewController.h */,
				B200D8B71EE57C2500C47DF6 /* HBTableViewController.m */,
				B200D8B91EE57CEB00C47DF6 /* HBTableViewDataSource.h */,
				B200D8BA1EE57CEB00C47DF6 /* HBTableViewDataSource.m */,
				B200D8E21EE6DE9400C47DF6 /* HBTableViewCell.h */,
				B200D8E31EE6DE9400C47DF6 /* HBTableViewCell.m */,
			);
			path = TableView;
			sourceTree = "<group>";
		};
		B200D8BF1EE57E9A00C47DF6 /* HBModel */ = {
			isa = PBXGroup;
			children = (
				B200D8C01EE57E9A00C47DF6 /* HBModel.h */,
				B200D8C11EE57E9A00C47DF6 /* HBModel.m */,
				B200D8C21EE57E9A00C47DF6 /* HBModelViewController.h */,
				B200D8C31EE57E9A00C47DF6 /* HBModelViewController.m */,
				B200D8C61EE57EC500C47DF6 /* HBLayout.h */,
				B200D8C71EE57EC500C47DF6 /* HBLayout.m */,
			);
			path = HBModel;
			sourceTree = "<group>";
		};
		B200D8F51EE8E96A00C47DF6 /* FDFullscreenPopGesture */ = {
			isa = PBXGroup;
			children = (
				B200D8F61EE8E96A00C47DF6 /* UINavigationController+FDFullscreenPopGesture.h */,
				B200D8F71EE8E96A00C47DF6 /* UINavigationController+FDFullscreenPopGesture.m */,
			);
			path = FDFullscreenPopGesture;
			sourceTree = "<group>";
		};
		B200D8F81EE8E96A00C47DF6 /* MJRefresh */ = {
			isa = PBXGroup;
			children = (
				B200D8F91EE8E96A00C47DF6 /* Base */,
				B200D9041EE8E96A00C47DF6 /* Custom */,
				B200D91B1EE8E96A00C47DF6 /* MJRefresh.bundle */,
				B200D91C1EE8E96A00C47DF6 /* MJRefresh.h */,
				B200D91D1EE8E96A00C47DF6 /* MJRefreshConst.h */,
				B200D91E1EE8E96A00C47DF6 /* MJRefreshConst.m */,
				B200D91F1EE8E96A00C47DF6 /* NSBundle+MJRefresh.h */,
				B200D9201EE8E96A00C47DF6 /* NSBundle+MJRefresh.m */,
				B200D9211EE8E96A00C47DF6 /* UIScrollView+MJExtension.h */,
				B200D9221EE8E96A00C47DF6 /* UIScrollView+MJExtension.m */,
				B200D9231EE8E96A00C47DF6 /* UIScrollView+MJRefresh.h */,
				B200D9241EE8E96A00C47DF6 /* UIScrollView+MJRefresh.m */,
				B200D9251EE8E96A00C47DF6 /* UIView+MJExtension.h */,
				B200D9261EE8E96A00C47DF6 /* UIView+MJExtension.m */,
			);
			path = MJRefresh;
			sourceTree = "<group>";
		};
		B200D8F91EE8E96A00C47DF6 /* Base */ = {
			isa = PBXGroup;
			children = (
				B200D8FA1EE8E96A00C47DF6 /* MJRefreshAutoFooter.h */,
				B200D8FB1EE8E96A00C47DF6 /* MJRefreshAutoFooter.m */,
				B200D8FC1EE8E96A00C47DF6 /* MJRefreshBackFooter.h */,
				B200D8FD1EE8E96A00C47DF6 /* MJRefreshBackFooter.m */,
				B200D8FE1EE8E96A00C47DF6 /* MJRefreshComponent.h */,
				B200D8FF1EE8E96A00C47DF6 /* MJRefreshComponent.m */,
				B200D9001EE8E96A00C47DF6 /* MJRefreshFooter.h */,
				B200D9011EE8E96A00C47DF6 /* MJRefreshFooter.m */,
				B200D9021EE8E96A00C47DF6 /* MJRefreshHeader.h */,
				B200D9031EE8E96A00C47DF6 /* MJRefreshHeader.m */,
			);
			path = Base;
			sourceTree = "<group>";
		};
		B200D9041EE8E96A00C47DF6 /* Custom */ = {
			isa = PBXGroup;
			children = (
				B200D9051EE8E96A00C47DF6 /* Footer */,
				B200D9141EE8E96A00C47DF6 /* Header */,
			);
			path = Custom;
			sourceTree = "<group>";
		};
		B200D9051EE8E96A00C47DF6 /* Footer */ = {
			isa = PBXGroup;
			children = (
				B200D9061EE8E96A00C47DF6 /* Auto */,
				B200D90D1EE8E96A00C47DF6 /* Back */,
			);
			path = Footer;
			sourceTree = "<group>";
		};
		B200D9061EE8E96A00C47DF6 /* Auto */ = {
			isa = PBXGroup;
			children = (
				B200D9071EE8E96A00C47DF6 /* MJRefreshAutoGifFooter.h */,
				B200D9081EE8E96A00C47DF6 /* MJRefreshAutoGifFooter.m */,
				B200D9091EE8E96A00C47DF6 /* MJRefreshAutoNormalFooter.h */,
				B200D90A1EE8E96A00C47DF6 /* MJRefreshAutoNormalFooter.m */,
				B200D90B1EE8E96A00C47DF6 /* MJRefreshAutoStateFooter.h */,
				B200D90C1EE8E96A00C47DF6 /* MJRefreshAutoStateFooter.m */,
			);
			path = Auto;
			sourceTree = "<group>";
		};
		B200D90D1EE8E96A00C47DF6 /* Back */ = {
			isa = PBXGroup;
			children = (
				B200D90E1EE8E96A00C47DF6 /* MJRefreshBackGifFooter.h */,
				B200D90F1EE8E96A00C47DF6 /* MJRefreshBackGifFooter.m */,
				B200D9101EE8E96A00C47DF6 /* MJRefreshBackNormalFooter.h */,
				B200D9111EE8E96A00C47DF6 /* MJRefreshBackNormalFooter.m */,
				B200D9121EE8E96A00C47DF6 /* MJRefreshBackStateFooter.h */,
				B200D9131EE8E96A00C47DF6 /* MJRefreshBackStateFooter.m */,
			);
			path = Back;
			sourceTree = "<group>";
		};
		B200D9141EE8E96A00C47DF6 /* Header */ = {
			isa = PBXGroup;
			children = (
				B200D9151EE8E96A00C47DF6 /* MJRefreshGifHeader.h */,
				B200D9161EE8E96A00C47DF6 /* MJRefreshGifHeader.m */,
				B200D9171EE8E96A00C47DF6 /* MJRefreshNormalHeader.h */,
				B200D9181EE8E96A00C47DF6 /* MJRefreshNormalHeader.m */,
				B200D9191EE8E96A00C47DF6 /* MJRefreshStateHeader.h */,
				B200D91A1EE8E96A00C47DF6 /* MJRefreshStateHeader.m */,
			);
			path = Header;
			sourceTree = "<group>";
		};
		B200D93C1EE9233900C47DF6 /* HBRefresh */ = {
			isa = PBXGroup;
			children = (
			);
			path = HBRefresh;
			sourceTree = "<group>";
		};
		B227638C1EE15F2100BF69B7 = {
			isa = PBXGroup;
			children = (
				B22763CB1EE15F8F00BF69B7 /* ControllerKit */,
				B22763971EE15F2100BF69B7 /* ControllerKitDemo */,
				B22763B11EE15F2100BF69B7 /* ControllerKitDemoTests */,
				B22763BC1EE15F2100BF69B7 /* ControllerKitDemoUITests */,
				B22763961EE15F2100BF69B7 /* Products */,
			);
			sourceTree = "<group>";
		};
		B22763961EE15F2100BF69B7 /* Products */ = {
			isa = PBXGroup;
			children = (
				B22763951EE15F2100BF69B7 /* ControllerKitDemo.app */,
				B22763AE1EE15F2100BF69B7 /* ControllerKitDemoTests.xctest */,
				B22763B91EE15F2100BF69B7 /* ControllerKitDemoUITests.xctest */,
			);
			name = Products;
			sourceTree = "<group>";
		};
		B22763971EE15F2100BF69B7 /* ControllerKitDemo */ = {
			isa = PBXGroup;
			children = (
				B227639B1EE15F2100BF69B7 /* AppDelegate.h */,
				B227639C1EE15F2100BF69B7 /* AppDelegate.m */,
				B227639E1EE15F2100BF69B7 /* ViewController.h */,
				B227639F1EE15F2100BF69B7 /* ViewController.m */,
				B22763A11EE15F2100BF69B7 /* Main.storyboard */,
				B22763A41EE15F2100BF69B7 /* Assets.xcassets */,
				B22763A61EE15F2100BF69B7 /* LaunchScreen.storyboard */,
				B22763A91EE15F2100BF69B7 /* Info.plist */,
				B22763981EE15F2100BF69B7 /* Supporting Files */,
			);
			path = ControllerKitDemo;
			sourceTree = "<group>";
		};
		B22763981EE15F2100BF69B7 /* Supporting Files */ = {
			isa = PBXGroup;
			children = (
				B22763991EE15F2100BF69B7 /* main.m */,
				B22763D81EE1647F00BF69B7 /* PrefixHeader.pch */,
			);
			name = "Supporting Files";
			sourceTree = "<group>";
		};
		B22763B11EE15F2100BF69B7 /* ControllerKitDemoTests */ = {
			isa = PBXGroup;
			children = (
				B22763B21EE15F2100BF69B7 /* ControllerKitDemoTests.m */,
				B22763B41EE15F2100BF69B7 /* Info.plist */,
			);
			path = ControllerKitDemoTests;
			sourceTree = "<group>";
		};
		B22763BC1EE15F2100BF69B7 /* ControllerKitDemoUITests */ = {
			isa = PBXGroup;
			children = (
				B22763BD1EE15F2100BF69B7 /* ControllerKitDemoUITests.m */,
				B22763BF1EE15F2100BF69B7 /* Info.plist */,
			);
			path = ControllerKitDemoUITests;
			sourceTree = "<group>";
		};
		B22763CB1EE15F8F00BF69B7 /* ControllerKit */ = {
			isa = PBXGroup;
			children = (
				B200D93C1EE9233900C47DF6 /* HBRefresh */,
				B200D8BF1EE57E9A00C47DF6 /* HBModel */,
				B200D8B51EE57BEC00C47DF6 /* TableView */,
				B22763CF1EE1643C00BF69B7 /* Common */,
				B22763D31EE1643C00BF69B7 /* Vendor */,
				B22763CC1EE1606A00BF69B7 /* HBViewController.h */,
				B22763CD1EE1606A00BF69B7 /* HBViewController.m */,
			);
			path = ControllerKit;
			sourceTree = "<group>";
		};
		B22763CF1EE1643C00BF69B7 /* Common */ = {
			isa = PBXGroup;
			children = (
				B22763D01EE1643C00BF69B7 /* Constant.h */,
				B22763D11EE1643C00BF69B7 /* UIView+Extension.h */,
				B22763D21EE1643C00BF69B7 /* UIView+Extension.m */,
			);
			path = Common;
			sourceTree = "<group>";
		};
		B22763D31EE1643C00BF69B7 /* Vendor */ = {
			isa = PBXGroup;
			children = (
				B200D8F51EE8E96A00C47DF6 /* FDFullscreenPopGesture */,
				B200D8F81EE8E96A00C47DF6 /* MJRefresh */,
			);
			path = Vendor;
			sourceTree = "<group>";
		};
/* End PBXGroup section */

/* Begin PBXNativeTarget section */
		B22763941EE15F2100BF69B7 /* ControllerKitDemo */ = {
			isa = PBXNativeTarget;
			buildConfigurationList = B22763C21EE15F2100BF69B7 /* Build configuration list for PBXNativeTarget "ControllerKitDemo" */;
			buildPhases = (
				B22763911EE15F2100BF69B7 /* Sources */,
				B22763921EE15F2100BF69B7 /* Frameworks */,
				B22763931EE15F2100BF69B7 /* Resources */,
			);
			buildRules = (
			);
			dependencies = (
			);
			name = ControllerKitDemo;
			productName = ControllerKitDemo;
			productReference = B22763951EE15F2100BF69B7 /* ControllerKitDemo.app */;
			productType = "com.apple.product-type.application";
		};
		B22763AD1EE15F2100BF69B7 /* ControllerKitDemoTests */ = {
			isa = PBXNativeTarget;
			buildConfigurationList = B22763C51EE15F2100BF69B7 /* Build configuration list for PBXNativeTarget "ControllerKitDemoTests" */;
			buildPhases = (
				B22763AA1EE15F2100BF69B7 /* Sources */,
				B22763AB1EE15F2100BF69B7 /* Frameworks */,
				B22763AC1EE15F2100BF69B7 /* Resources */,
			);
			buildRules = (
			);
			dependencies = (
				B22763B01EE15F2100BF69B7 /* PBXTargetDependency */,
			);
			name = ControllerKitDemoTests;
			productName = ControllerKitDemoTests;
			productReference = B22763AE1EE15F2100BF69B7 /* ControllerKitDemoTests.xctest */;
			productType = "com.apple.product-type.bundle.unit-test";
		};
		B22763B81EE15F2100BF69B7 /* ControllerKitDemoUITests */ = {
			isa = PBXNativeTarget;
			buildConfigurationList = B22763C81EE15F2100BF69B7 /* Build configuration list for PBXNativeTarget "ControllerKitDemoUITests" */;
			buildPhases = (
				B22763B51EE15F2100BF69B7 /* Sources */,
				B22763B61EE15F2100BF69B7 /* Frameworks */,
				B22763B71EE15F2100BF69B7 /* Resources */,
			);
			buildRules = (
			);
			dependencies = (
				B22763BB1EE15F2100BF69B7 /* PBXTargetDependency */,
			);
			name = ControllerKitDemoUITests;
			productName = ControllerKitDemoUITests;
			productReference = B22763B91EE15F2100BF69B7 /* ControllerKitDemoUITests.xctest */;
			productType = "com.apple.product-type.bundle.ui-testing";
		};
/* End PBXNativeTarget section */

/* Begin PBXProject section */
		B227638D1EE15F2100BF69B7 /* Project object */ = {
			isa = PBXProject;
			attributes = {
				LastUpgradeCheck = 0830;
				ORGANIZATIONNAME = "Shaojie Hong";
				TargetAttributes = {
					B22763941EE15F2100BF69B7 = {
						CreatedOnToolsVersion = 8.3.2;
						DevelopmentTeam = 99B27783N7;
						ProvisioningStyle = Automatic;
					};
					B22763AD1EE15F2100BF69B7 = {
						CreatedOnToolsVersion = 8.3.2;
						DevelopmentTeam = 99B27783N7;
						ProvisioningStyle = Automatic;
						TestTargetID = B22763941EE15F2100BF69B7;
					};
					B22763B81EE15F2100BF69B7 = {
						CreatedOnToolsVersion = 8.3.2;
						DevelopmentTeam = 99B27783N7;
						ProvisioningStyle = Automatic;
						TestTargetID = B22763941EE15F2100BF69B7;
					};
				};
			};
			buildConfigurationList = B22763901EE15F2100BF69B7 /* Build configuration list for PBXProject "ControllerKitDemo" */;
			compatibilityVersion = "Xcode 3.2";
			developmentRegion = English;
			hasScannedForEncodings = 0;
			knownRegions = (
				en,
				Base,
			);
			mainGroup = B227638C1EE15F2100BF69B7;
			productRefGroup = B22763961EE15F2100BF69B7 /* Products */;
			projectDirPath = "";
			projectRoot = "";
			targets = (
				B22763941EE15F2100BF69B7 /* ControllerKitDemo */,
				B22763AD1EE15F2100BF69B7 /* ControllerKitDemoTests */,
				B22763B81EE15F2100BF69B7 /* ControllerKitDemoUITests */,
			);
		};
/* End PBXProject section */

/* Begin PBXResourcesBuildPhase section */
		B22763931EE15F2100BF69B7 /* Resources */ = {
			isa = PBXResourcesBuildPhase;
			buildActionMask = 2147483647;
			files = (
				B22763A81EE15F2100BF69B7 /* LaunchScreen.storyboard in Resources */,
				B22763A51EE15F2100BF69B7 /* Assets.xcassets in Resources */,
				B200D9361EE8E96A00C47DF6 /* MJRefresh.bundle in Resources */,
				B22763A31EE15F2100BF69B7 /* Main.storyboard in Resources */,
			);
			runOnlyForDeploymentPostprocessing = 0;
		};
		B22763AC1EE15F2100BF69B7 /* Resources */ = {
			isa = PBXResourcesBuildPhase;
			buildActionMask = 2147483647;
			files = (
			);
			runOnlyForDeploymentPostprocessing = 0;
		};
		B22763B71EE15F2100BF69B7 /* Resources */ = {
			isa = PBXResourcesBuildPhase;
			buildActionMask = 2147483647;
			files = (
			);
			runOnlyForDeploymentPostprocessing = 0;
		};
/* End PBXResourcesBuildPhase section */

/* Begin PBXSourcesBuildPhase section */
		B22763911EE15F2100BF69B7 /* Sources */ = {
			isa = PBXSourcesBuildPhase;
			buildActionMask = 2147483647;
			files = (
				B200D8C51EE57E9A00C47DF6 /* HBModelViewController.m in Sources */,
				B200D92E1EE8E96A00C47DF6 /* MJRefreshAutoNormalFooter.m in Sources */,
				B200D92F1EE8E96A00C47DF6 /* MJRefreshAutoStateFooter.m in Sources */,
				B200D93A1EE8E96A00C47DF6 /* UIScrollView+MJRefresh.m in Sources */,
				B200D8E41EE6DE9400C47DF6 /* HBTableViewCell.m in Sources */,
				B200D8C81EE57EC500C47DF6 /* HBLayout.m in Sources */,
				B200D9301EE8E96A00C47DF6 /* MJRefreshBackGifFooter.m in Sources */,
				B200D93B1EE8E96A00C47DF6 /* UIView+MJExtension.m in Sources */,
				B200D9291EE8E96A00C47DF6 /* MJRefreshBackFooter.m in Sources */,
				B200D92D1EE8E96A00C47DF6 /* MJRefreshAutoGifFooter.m in Sources */,
				B200D9331EE8E96A00C47DF6 /* MJRefreshGifHeader.m in Sources */,
				B22763D61EE1643C00BF69B7 /* UIView+Extension.m in Sources */,
				B200D8B81EE57C2500C47DF6 /* HBTableViewController.m in Sources */,
				B200D92B1EE8E96A00C47DF6 /* MJRefreshFooter.m in Sources */,
				B22763A01EE15F2100BF69B7 /* ViewController.m in Sources */,
				B200D92A1EE8E96A00C47DF6 /* MJRefreshComponent.m in Sources */,
				B227639D1EE15F2100BF69B7 /* AppDelegate.m in Sources */,
				B200D9381EE8E96A00C47DF6 /* NSBundle+MJRefresh.m in Sources */,
				B200D9341EE8E96A00C47DF6 /* MJRefreshNormalHeader.m in Sources */,
				B200D9311EE8E96A00C47DF6 /* MJRefreshBackNormalFooter.m in Sources */,
				B200D9281EE8E96A00C47DF6 /* MJRefreshAutoFooter.m in Sources */,
				B200D8C41EE57E9A00C47DF6 /* HBModel.m in Sources */,
				B200D92C1EE8E96A00C47DF6 /* MJRefreshHeader.m in Sources */,
				B22763CE1EE1606A00BF69B7 /* HBViewController.m in Sources */,
				B200D9351EE8E96A00C47DF6 /* MJRefreshStateHeader.m in Sources */,
				B200D9391EE8E96A00C47DF6 /* UIScrollView+MJExtension.m in Sources */,
				B200D9321EE8E96A00C47DF6 /* MJRefreshBackStateFooter.m in Sources */,
				B200D9371EE8E96A00C47DF6 /* MJRefreshConst.m in Sources */,
				B227639A1EE15F2100BF69B7 /* main.m in Sources */,
				B200D8BB1EE57CEB00C47DF6 /* HBTableViewDataSource.m in Sources */,
				B200D9271EE8E96A00C47DF6 /* UINavigationController+FDFullscreenPopGesture.m in Sources */,
			);
			runOnlyForDeploymentPostprocessing = 0;
		};
		B22763AA1EE15F2100BF69B7 /* Sources */ = {
			isa = PBXSourcesBuildPhase;
			buildActionMask = 2147483647;
			files = (
				B22763B31EE15F2100BF69B7 /* ControllerKitDemoTests.m in Sources */,
			);
			runOnlyForDeploymentPostprocessing = 0;
		};
		B22763B51EE15F2100BF69B7 /* Sources */ = {
			isa = PBXSourcesBuildPhase;
			buildActionMask = 2147483647;
			files = (
				B22763BE1EE15F2100BF69B7 /* ControllerKitDemoUITests.m in Sources */,
			);
			runOnlyForDeploymentPostprocessing = 0;
		};
/* End PBXSourcesBuildPhase section */

/* Begin PBXTargetDependency section */
		B22763B01EE15F2100BF69B7 /* PBXTargetDependency */ = {
			isa = PBXTargetDependency;
			target = B22763941EE15F2100BF69B7 /* ControllerKitDemo */;
			targetProxy = B22763AF1EE15F2100BF69B7 /* PBXContainerItemProxy */;
		};
		B22763BB1EE15F2100BF69B7 /* PBXTargetDependency */ = {
			isa = PBXTargetDependency;
			target = B22763941EE15F2100BF69B7 /* ControllerKitDemo */;
			targetProxy = B22763BA1EE15F2100BF69B7 /* PBXContainerItemProxy */;
		};
/* End PBXTargetDependency section */

/* Begin PBXVariantGroup section */
		B22763A11EE15F2100BF69B7 /* Main.storyboard */ = {
			isa = PBXVariantGroup;
			children = (
				B22763A21EE15F2100BF69B7 /* Base */,
			);
			name = Main.storyboard;
			sourceTree = "<group>";
		};
		B22763A61EE15F2100BF69B7 /* LaunchScreen.storyboard */ = {
			isa = PBXVariantGroup;
			children = (
				B22763A71EE15F2100BF69B7 /* Base */,
			);
			name = LaunchScreen.storyboard;
			sourceTree = "<group>";
		};
/* End PBXVariantGroup section */

/* Begin XCBuildConfiguration section */
		B22763C01EE15F2100BF69B7 /* Debug */ = {
			isa = XCBuildConfiguration;
			buildSettings = {
				ALWAYS_SEARCH_USER_PATHS = NO;
				CLANG_ANALYZER_NONNULL = YES;
				CLANG_ANALYZER_NUMBER_OBJECT_CONVERSION = YES_AGGRESSIVE;
				CLANG_CXX_LANGUAGE_STANDARD = "gnu++0x";
				CLANG_CXX_LIBRARY = "libc++";
				CLANG_ENABLE_MODULES = YES;
				CLANG_ENABLE_OBJC_ARC = YES;
				CLANG_WARN_BOOL_CONVERSION = YES;
				CLANG_WARN_CONSTANT_CONVERSION = YES;
				CLANG_WARN_DIRECT_OBJC_ISA_USAGE = YES_ERROR;
				CLANG_WARN_DOCUMENTATION_COMMENTS = YES;
				CLANG_WARN_EMPTY_BODY = YES;
				CLANG_WARN_ENUM_CONVERSION = YES;
				CLANG_WARN_INFINITE_RECURSION = YES;
				CLANG_WARN_INT_CONVERSION = YES;
				CLANG_WARN_OBJC_ROOT_CLASS = YES_ERROR;
				CLANG_WARN_SUSPICIOUS_MOVE = YES;
				CLANG_WARN_UNREACHABLE_CODE = YES;
				CLANG_WARN__DUPLICATE_METHOD_MATCH = YES;
				"CODE_SIGN_IDENTITY[sdk=iphoneos*]" = "iPhone Developer";
				COPY_PHASE_STRIP = NO;
				DEBUG_INFORMATION_FORMAT = dwarf;
				ENABLE_STRICT_OBJC_MSGSEND = YES;
				ENABLE_TESTABILITY = YES;
				GCC_C_LANGUAGE_STANDARD = gnu99;
				GCC_DYNAMIC_NO_PIC = NO;
				GCC_NO_COMMON_BLOCKS = YES;
				GCC_OPTIMIZATION_LEVEL = 0;
				GCC_PREPROCESSOR_DEFINITIONS = (
					"DEBUG=1",
					"$(inherited)",
				);
				GCC_WARN_64_TO_32_BIT_CONVERSION = YES;
				GCC_WARN_ABOUT_RETURN_TYPE = YES_ERROR;
				GCC_WARN_UNDECLARED_SELECTOR = YES;
				GCC_WARN_UNINITIALIZED_AUTOS = YES_AGGRESSIVE;
				GCC_WARN_UNUSED_FUNCTION = YES;
				GCC_WARN_UNUSED_VARIABLE = YES;
				IPHONEOS_DEPLOYMENT_TARGET = 10.3;
				MTL_ENABLE_DEBUG_INFO = YES;
				ONLY_ACTIVE_ARCH = YES;
				SDKROOT = iphoneos;
				TARGETED_DEVICE_FAMILY = "1,2";
			};
			name = Debug;
		};
		B22763C11EE15F2100BF69B7 /* Release */ = {
			isa = XCBuildConfiguration;
			buildSettings = {
				ALWAYS_SEARCH_USER_PATHS = NO;
				CLANG_ANALYZER_NONNULL = YES;
				CLANG_ANALYZER_NUMBER_OBJECT_CONVERSION = YES_AGGRESSIVE;
				CLANG_CXX_LANGUAGE_STANDARD = "gnu++0x";
				CLANG_CXX_LIBRARY = "libc++";
				CLANG_ENABLE_MODULES = YES;
				CLANG_ENABLE_OBJC_ARC = YES;
				CLANG_WARN_BOOL_CONVERSION = YES;
				CLANG_WARN_CONSTANT_CONVERSION = YES;
				CLANG_WARN_DIRECT_OBJC_ISA_USAGE = YES_ERROR;
				CLANG_WARN_DOCUMENTATION_COMMENTS = YES;
				CLANG_WARN_EMPTY_BODY = YES;
				CLANG_WARN_ENUM_CONVERSION = YES;
				CLANG_WARN_INFINITE_RECURSION = YES;
				CLANG_WARN_INT_CONVERSION = YES;
				CLANG_WARN_OBJC_ROOT_CLASS = YES_ERROR;
				CLANG_WARN_SUSPICIOUS_MOVE = YES;
				CLANG_WARN_UNREACHABLE_CODE = YES;
				CLANG_WARN__DUPLICATE_METHOD_MATCH = YES;
				"CODE_SIGN_IDENTITY[sdk=iphoneos*]" = "iPhone Developer";
				COPY_PHASE_STRIP = NO;
				DEBUG_INFORMATION_FORMAT = "dwarf-with-dsym";
				ENABLE_NS_ASSERTIONS = NO;
				ENABLE_STRICT_OBJC_MSGSEND = YES;
				GCC_C_LANGUAGE_STANDARD = gnu99;
				GCC_NO_COMMON_BLOCKS = YES;
				GCC_WARN_64_TO_32_BIT_CONVERSION = YES;
				GCC_WARN_ABOUT_RETURN_TYPE = YES_ERROR;
				GCC_WARN_UNDECLARED_SELECTOR = YES;
				GCC_WARN_UNINITIALIZED_AUTOS = YES_AGGRESSIVE;
				GCC_WARN_UNUSED_FUNCTION = YES;
				GCC_WARN_UNUSED_VARIABLE = YES;
				IPHONEOS_DEPLOYMENT_TARGET = 10.3;
				MTL_ENABLE_DEBUG_INFO = NO;
				SDKROOT = iphoneos;
				TARGETED_DEVICE_FAMILY = "1,2";
				VALIDATE_PRODUCT = YES;
			};
			name = Release;
		};
		B22763C31EE15F2100BF69B7 /* Debug */ = {
			isa = XCBuildConfiguration;
			buildSettings = {
				ASSETCATALOG_COMPILER_APPICON_NAME = AppIcon;
				DEVELOPMENT_TEAM = 99B27783N7;
				GCC_PREFIX_HEADER = ControllerKitDemo/PrefixHeader.pch;
				INFOPLIST_FILE = ControllerKitDemo/Info.plist;
				LD_RUNPATH_SEARCH_PATHS = "$(inherited) @executable_path/Frameworks";
				PRODUCT_BUNDLE_IDENTIFIER = com.Soldier.ControllerKitDemo;
				PRODUCT_NAME = "$(TARGET_NAME)";
			};
			name = Debug;
		};
		B22763C41EE15F2100BF69B7 /* Release */ = {
			isa = XCBuildConfiguration;
			buildSettings = {
				ASSETCATALOG_COMPILER_APPICON_NAME = AppIcon;
				DEVELOPMENT_TEAM = 99B27783N7;
				GCC_PREFIX_HEADER = ControllerKitDemo/PrefixHeader.pch;
				INFOPLIST_FILE = ControllerKitDemo/Info.plist;
				LD_RUNPATH_SEARCH_PATHS = "$(inherited) @executable_path/Frameworks";
				PRODUCT_BUNDLE_IDENTIFIER = com.Soldier.ControllerKitDemo;
				PRODUCT_NAME = "$(TARGET_NAME)";
			};
			name = Release;
		};
		B22763C61EE15F2100BF69B7 /* Debug */ = {
			isa = XCBuildConfiguration;
			buildSettings = {
				BUNDLE_LOADER = "$(TEST_HOST)";
				DEVELOPMENT_TEAM = 99B27783N7;
				INFOPLIST_FILE = ControllerKitDemoTests/Info.plist;
				LD_RUNPATH_SEARCH_PATHS = "$(inherited) @executable_path/Frameworks @loader_path/Frameworks";
				PRODUCT_BUNDLE_IDENTIFIER = com.Soldier.ControllerKitDemoTests;
				PRODUCT_NAME = "$(TARGET_NAME)";
				TEST_HOST = "$(BUILT_PRODUCTS_DIR)/ControllerKitDemo.app/ControllerKitDemo";
			};
			name = Debug;
		};
		B22763C71EE15F2100BF69B7 /* Release */ = {
			isa = XCBuildConfiguration;
			buildSettings = {
				BUNDLE_LOADER = "$(TEST_HOST)";
				DEVELOPMENT_TEAM = 99B27783N7;
				INFOPLIST_FILE = ControllerKitDemoTests/Info.plist;
				LD_RUNPATH_SEARCH_PATHS = "$(inherited) @executable_path/Frameworks @loader_path/Frameworks";
				PRODUCT_BUNDLE_IDENTIFIER = com.Soldier.ControllerKitDemoTests;
				PRODUCT_NAME = "$(TARGET_NAME)";
				TEST_HOST = "$(BUILT_PRODUCTS_DIR)/ControllerKitDemo.app/ControllerKitDemo";
			};
			name = Release;
		};
		B22763C91EE15F2100BF69B7 /* Debug */ = {
			isa = XCBuildConfiguration;
			buildSettings = {
				DEVELOPMENT_TEAM = 99B27783N7;
				INFOPLIST_FILE = ControllerKitDemoUITests/Info.plist;
				LD_RUNPATH_SEARCH_PATHS = "$(inherited) @executable_path/Frameworks @loader_path/Frameworks";
				PRODUCT_BUNDLE_IDENTIFIER = com.Soldier.ControllerKitDemoUITests;
				PRODUCT_NAME = "$(TARGET_NAME)";
				TEST_TARGET_NAME = ControllerKitDemo;
			};
			name = Debug;
		};
		B22763CA1EE15F2100BF69B7 /* Release */ = {
			isa = XCBuildConfiguration;
			buildSettings = {
				DEVELOPMENT_TEAM = 99B27783N7;
				INFOPLIST_FILE = ControllerKitDemoUITests/Info.plist;
				LD_RUNPATH_SEARCH_PATHS = "$(inherited) @executable_path/Frameworks @loader_path/Frameworks";
				PRODUCT_BUNDLE_IDENTIFIER = com.Soldier.ControllerKitDemoUITests;
				PRODUCT_NAME = "$(TARGET_NAME)";
				TEST_TARGET_NAME = ControllerKitDemo;
			};
			name = Release;
		};
/* End XCBuildConfiguration section */

/* Begin XCConfigurationList section */
		B22763901EE15F2100BF69B7 /* Build configuration list for PBXProject "ControllerKitDemo" */ = {
			isa = XCConfigurationList;
			buildConfigurations = (
				B22763C01EE15F2100BF69B7 /* Debug */,
				B22763C11EE15F2100BF69B7 /* Release */,
			);
			defaultConfigurationIsVisible = 0;
			defaultConfigurationName = Release;
		};
		B22763C21EE15F2100BF69B7 /* Build configuration list for PBXNativeTarget "ControllerKitDemo" */ = {
			isa = XCConfigurationList;
			buildConfigurations = (
				B22763C31EE15F2100BF69B7 /* Debug */,
				B22763C41EE15F2100BF69B7 /* Release */,
			);
			defaultConfigurationIsVisible = 0;
			defaultConfigurationName = Release;
		};
		B22763C51EE15F2100BF69B7 /* Build configuration list for PBXNativeTarget "ControllerKitDemoTests" */ = {
			isa = XCConfigurationList;
			buildConfigurations = (
				B22763C61EE15F2100BF69B7 /* Debug */,
				B22763C71EE15F2100BF69B7 /* Release */,
			);
			defaultConfigurationIsVisible = 0;
			defaultConfigurationName = Release;
		};
		B22763C81EE15F2100BF69B7 /* Build configuration list for PBXNativeTarget "ControllerKitDemoUITests" */ = {
			isa = XCConfigurationList;
			buildConfigurations = (
				B22763C91EE15F2100BF69B7 /* Debug */,
				B22763CA1EE15F2100BF69B7 /* Release */,
			);
			defaultConfigurationIsVisible = 0;
			defaultConfigurationName = Release;
		};
/* End XCConfigurationList section */
	};
	rootObject = B227638D1EE15F2100BF69B7 /* Project object */;
}
